
Microsoft Visual Studio Solution File, Format Version 12.00
# Visual Studio 2013
VisualStudioVersion = 12.0.31101.0
MinimumVisualStudioVersion = 10.0.40219.1
Project("{FAE04EC0-301F-11D3-BF4B-00C04F79EFBC}") = "TestRemoteLoadDataGrid", "TestRemoteLoadDataGrid\TestRemoteLoadDataGrid.csproj", "{60BC3C0E-E6A9-4F7D-8DF4-674A2C52C473}"
EndProject
Global
	GlobalSection(SolutionConfigurationPlatforms) = preSolution
		Debug|Any CPU = Debug|Any CPU
		Release|Any CPU = Release|Any CPU
	EndGlobalSection
	GlobalSection(ProjectConfigurationPlatforms) = postSolution
		{60BC3C0E-E6A9-4F7D-8DF4-674A2C52C473}.Debug|Any CPU.ActiveCfg = Debug|Any CPU
		{60BC3C0E-E6A9-4F7D-8DF4-674A2C52C473}.Debug|Any CPU.Build.0 = Debug|Any CPU
		{60BC3C0E-E6A9-4F7D-8DF4-674A2C52C473}.Release|Any CPU.ActiveCfg = Release|Any CPU
		{60BC3C0E-E6A9-4F7D-8DF4-674A2C52C473}.Release|Any CPU.Build.0 = Release|Any CPU
	EndGlobalSection
	GlobalSection(SolutionProperties) = preSolution
		HideSolutionNode = FALSE
	EndGlobalSection
EndGlobal
